// !$*UTF8*$!
{
	archiveVersion = 1;
	classes = {
	};
	objectVersion = 77;
	objects = {

/* Begin PBXContainerItemProxy section */
		F38D61632FC1EC6D00BC4C12 /* PBXContainerItemProxy */ = {
			isa = PBXContainerItemProxy;
			containerPortal = F38D61432FC1EC6C00BC4C12 /* Project object */;
			proxyType = 1;
			remoteGlobalIDString = F38D614A2FC1EC6C00BC4C12;
			remoteInfo = "601号阳台 游戏";
		};
		F38D616D2FC1EC6D00BC4C12 /* PBXContainerItemProxy */ = {
			isa = PBXContainerItemProxy;
			containerPortal = F38D61432FC1EC6C00BC4C12 /* Project object */;
			proxyType = 1;
			remoteGlobalIDString = F38D614A2FC1EC6C00BC4C12;
			remoteInfo = "601号阳台 游戏";
		};
/* End PBXContainerItemProxy section */

/* Begin PBXFileReference section */
		F38D614B2FC1EC6C00BC4C12 /* 601号阳台 游戏.app */ = {isa = PBXFileReference; explicitFileType = wrapper.application; includeInIndex = 0; path = "601号阳台 游戏.app"; sourceTree = BUILT_PRODUCTS_DIR; };
		F38D61622FC1EC6D00BC4C12 /* 601号阳台 游戏Tests.xctest */ = {isa = PBXFileReference; explicitFileType = wrapper.cfbundle; includeInIndex = 0; path = "601号阳台 游戏Tests.xctest"; sourceTree = BUILT_PRODUCTS_DIR; };
		F38D616C2FC1EC6D00BC4C12 /* 601号阳台 游戏UITests.xctest */ = {isa = PBXFileReference; explicitFileType = wrapper.cfbundle; includeInIndex = 0; path = "601号阳台 游戏UITests.xctest"; sourceTree = BUILT_PRODUCTS_DIR; };
/* End PBXFileReference section */

/* Begin PBXFileSystemSynchronizedBuildFileExceptionSet section */
		F38D61742FC1EC6D00BC4C12 /* Exceptions for "601号阳台 游戏" folder in "601号阳台 游戏" target */ = {
			isa = PBXFileSystemSynchronizedBuildFileExceptionSet;
			membershipExceptions = (
				Info.plist,
			);
			target = F38D614A2FC1EC6C00BC4C12 /* 601号阳台 游戏 */;
		};
/* End PBXFileSystemSynchronizedBuildFileExceptionSet section */

/* Begin PBXFileSystemSynchronizedRootGroup section */
		F38D614D2FC1EC6C00BC4C12 /* 601号阳台 游戏 */ = {
			isa = PBXFileSystemSynchronizedRootGroup;
			exceptions = (
				F38D61742FC1EC6D00BC4C12 /* Exceptions for "601号阳台 游戏" folder in "601号阳台 游戏" target */,
			);
			path = "601号阳台 游戏";
			sourceTree = "<group>";
		};
		F38D61652FC1EC6D00BC4C12 /* 601号阳台 游戏Tests */ = {
			isa = PBXFileSystemSynchronizedRootGroup;
			path = "601号阳台 游戏Tests";
			sourceTree = "<group>";
		};
		F38D616F2FC1EC6D00BC4C12 /* 601号阳台 游戏UITests */ = {
			isa = PBXFileSystemSynchronizedRootGroup;
			path = "601号阳台 游戏UITests";
			sourceTree = "<group>";
		};
/* End PBXFileSystemSynchronizedRootGroup section */

/* Begin PBXFrameworksBuildPhase section */
		F38D61482FC1EC6C00BC4C12 /* Frameworks */ = {
			isa = PBXFrameworksBuildPhase;
			buildActionMask = 2147483647;
			files = (
			);
			runOnlyForDeploymentPostprocessing = 0;
		};
		F38D615F2FC1EC6D00BC4C12 /* Frameworks */ = {
			isa = PBXFrameworksBuildPhase;
			buildActionMask = 2147483647;
			files = (
			);
			runOnlyForDeploymentPostprocessing = 0;
		};
		F38D61692FC1EC6D00BC4C12 /* Frameworks */ = {
			isa = PBXFrameworksBuildPhase;
			buildActionMask = 2147483647;
			files = (
			);
			runOnlyForDeploymentPostprocessing = 0;
		};
/* End PBXFrameworksBuildPhase section */

/* Begin PBXGroup section */
		F38D61422FC1EC6C00BC4C12 = {
			isa = PBXGroup;
			children = (
				F38D614D2FC1EC6C00BC4C12 /* 601号阳台 游戏 */,
				F38D61652FC1EC6D00BC4C12 /* 601号阳台 游戏Tests */,
				F38D616F2FC1EC6D00BC4C12 /* 601号阳台 游戏UITests */,
				F38D614C2FC1EC6C00BC4C12 /* Products */,
			);
			sourceTree = "<group>";
		};
		F38D614C2FC1EC6C00BC4C12 /* Products */ = {
			isa = PBXGroup;
			children = (
				F38D614B2FC1EC6C00BC4C12 /* 601号阳台 游戏.app */,
				F38D61622FC1EC6D00BC4C12 /* 601号阳台 游戏Tests.xctest */,
				F38D616C2FC1EC6D00BC4C12 /* 601号阳台 游戏UITests.xctest */,
			);
			name = Products;
			sourceTree = "<group>";
		};
/* End PBXGroup section */

/* Begin PBXNativeTarget section */
		F38D614A2FC1EC6C00BC4C12 /* 601号阳台 游戏 */ = {
			isa = PBXNativeTarget;
			buildConfigurationList = F38D61752FC1EC6D00BC4C12 /* Build configuration list for PBXNativeTarget "601号阳台 游戏" */;
			buildPhases = (
				F38D61472FC1EC6C00BC4C12 /* Sources */,
				F38D61482FC1EC6C00BC4C12 /* Frameworks */,
				F38D61492FC1EC6C00BC4C12 /* Resources */,
			);
			buildRules = (
			);
			dependencies = (
			);
			fileSystemSynchronizedGroups = (
				F38D614D2FC1EC6C00BC4C12 /* 601号阳台 游戏 */,
			);
			name = "601号阳台 游戏";
			packageProductDependencies = (
			);
			productName = "601号阳台 游戏";
			productReference = F38D614B2FC1EC6C00BC4C12 /* 601号阳台 游戏.app */;
			productType = "com.apple.product-type.application";
		};
		F38D61612FC1EC6D00BC4C12 /* 601号阳台 游戏Tests */ = {
			isa = PBXNativeTarget;
			buildConfigurationList = F38D617A2FC1EC6D00BC4C12 /* Build configuration list for PBXNativeTarget "601号阳台 游戏Tests" */;
			buildPhases = (
				F38D615E2FC1EC6D00BC4C12 /* Sources */,
				F38D615F2FC1EC6D00BC4C12 /* Frameworks */,
				F38D61602FC1EC6D00BC4C12 /* Resources */,
			);
			buildRules = (
			);
			dependencies = (
				F38D61642FC1EC6D00BC4C12 /* PBXTargetDependency */,
			);
			fileSystemSynchronizedGroups = (
				F38D61652FC1EC6D00BC4C12 /* 601号阳台 游戏Tests */,
			);
			name = "601号阳台 游戏Tests";
			packageProductDependencies = (
			);
			productName = "601号阳台 游戏Tests";
			productReference = F38D61622FC1EC6D00BC4C12 /* 601号阳台 游戏Tests.xctest */;
			productType = "com.apple.product-type.bundle.unit-test";
		};
		F38D616B2FC1EC6D00BC4C12 /* 601号阳台 游戏UITests */ = {
			isa = PBXNativeTarget;
			buildConfigurationList = F38D617D2FC1EC6D00BC4C12 /* Build configuration list for PBXNativeTarget "601号阳台 游戏UITests" */;
			buildPhases = (
				F38D61682FC1EC6D00BC4C12 /* Sources */,
				F38D61692FC1EC6D00BC4C12 /* Frameworks */,
				F38D616A2FC1EC6D00BC4C12 /* Resources */,
			);
			buildRules = (
			);
			dependencies = (
				F38D616E2FC1EC6D00BC4C12 /* PBXTargetDependency */,
			);
			fileSystemSynchronizedGroups = (
				F38D616F2FC1EC6D00BC4C12 /* 601号阳台 游戏UITests */,
			);
			name = "601号阳台 游戏UITests";
			packageProductDependencies = (
			);
			productName = "601号阳台 游戏UITests";
			productReference = F38D616C2FC1EC6D00BC4C12 /* 601号阳台 游戏UITests.xctest */;
			productType = "com.apple.product-type.bundle.ui-testing";
		};
/* End PBXNativeTarget section */

/* Begin PBXProject section */
		F38D61432FC1EC6C00BC4C12 /* Project object */ = {
			isa = PBXProject;
			attributes = {
				BuildIndependentTargetsInParallel = 1;
				LastSwiftUpdateCheck = 1620;
				LastUpgradeCheck = 1620;
				TargetAttributes = {
					F38D614A2FC1EC6C00BC4C12 = {
						CreatedOnToolsVersion = 16.2;
					};
					F38D61612FC1EC6D00BC4C12 = {
						CreatedOnToolsVersion = 16.2;
						TestTargetID = F38D614A2FC1EC6C00BC4C12;
					};
					F38D616B2FC1EC6D00BC4C12 = {
						CreatedOnToolsVersion = 16.2;
						TestTargetID = F38D614A2FC1EC6C00BC4C12;
					};
				};
			};
			buildConfigurationList = F38D61462FC1EC6C00BC4C12 /* Build configuration list for PBXProject "601号阳台 游戏" */;
			developmentRegion = en;
			hasScannedForEncodings = 0;
			knownRegions = (
				en,
				Base,
			);
			mainGroup = F38D61422FC1EC6C00BC4C12;
			minimizedProjectReferenceProxies = 1;
			preferredProjectObjectVersion = 77;
			productRefGroup = F38D614C2FC1EC6C00BC4C12 /* Products */;
			projectDirPath = "";
			projectRoot = "";
			targets = (
				F38D614A2FC1EC6C00BC4C12 /* 601号阳台 游戏 */,
				F38D61612FC1EC6D00BC4C12 /* 601号阳台 游戏Tests */,
				F38D616B2FC1EC6D00BC4C12 /* 601号阳台 游戏UITests */,
			);
		};
/* End PBXProject section */

/* Begin PBXResourcesBuildPhase section */
		F38D61492FC1EC6C00BC4C12 /* Resources */ = {
			isa = PBXResourcesBuildPhase;
			buildActionMask = 2147483647;
			files = (
			);
			runOnlyForDeploymentPostprocessing = 0;
		};
		F38D61602FC1EC6D00BC4C12 /* Resources */ = {
			isa = PBXResourcesBuildPhase;
			buildActionMask = 2147483647;
			files = (
			);
			runOnlyForDeploymentPostprocessing = 0;
		};
		F38D616A2FC1EC6D00BC4C12 /* Resources */ = {
			isa = PBXResourcesBuildPhase;
			buildActionMask = 2147483647;
			files = (
			);
			runOnlyForDeploymentPostprocessing = 0;
		};
/* End PBXResourcesBuildPhase section */

/* Begin PBXSourcesBuildPhase section */
		F38D61472FC1EC6C00BC4C12 /* Sources */ = {
			isa = PBXSourcesBuildPhase;
			buildActionMask = 2147483647;
			files = (
			);
			runOnlyForDeploymentPostprocessing = 0;
		};
		F38D615E2FC1EC6D00BC4C12 /* Sources */ = {
			isa = PBXSourcesBuildPhase;
			buildActionMask = 2147483647;
			files = (
			);
			runOnlyForDeploymentPostprocessing = 0;
		};
		F38D61682FC1EC6D00BC4C12 /* Sources */ = {
			isa = PBXSourcesBuildPhase;
			buildActionMask = 2147483647;
			files = (
			);
			runOnlyForDeploymentPostprocessing = 0;
		};
/* End PBXSourcesBuildPhase section */

/* Begin PBXTargetDependency section */
		F38D61642FC1EC6D00BC4C12 /* PBXTargetDependency */ = {
			isa = PBXTargetDependency;
			target = F38D614A2FC1EC6C00BC4C12 /* 601号阳台 游戏 */;
			targetProxy = F38D61632FC1EC6D00BC4C12 /* PBXContainerItemProxy */;
		};
		F38D616E2FC1EC6D00BC4C12 /* PBXTargetDependency */ = {
			isa = PBXTargetDependency;
			target = F38D614A2FC1EC6C00BC4C12 /* 601号阳台 游戏 */;
			targetProxy = F38D616D2FC1EC6D00BC4C12 /* PBXContainerItemProxy */;
		};
/* End PBXTargetDependency section */

/* Begin XCBuildConfiguration section */
		F38D61762FC1EC6D00BC4C12 /* Debug */ = {
			isa = XCBuildConfiguration;
			buildSettings = {
				ASSETCATALOG_COMPILER_APPICON_NAME = AppIcon;
				ASSETCATALOG_COMPILER_GLOBAL_ACCENT_COLOR_NAME = AccentColor;
				CODE_SIGN_ENTITLEMENTS = "601号阳台 游戏/_01______.entitlements";
				CODE_SIGN_STYLE = Automatic;
				CURRENT_PROJECT_VERSION = 1;
				DEVELOPMENT_ASSET_PATHS = "\"601号阳台 游戏/Preview Content\"";
				ENABLE_PREVIEWS = YES;
				GENERATE_INFOPLIST_FILE = YES;
				INFOPLIST_FILE = "601号阳台 游戏/Info.plist";
				INFOPLIST_KEY_UIApplicationSceneManifest_Generation = YES;
				INFOPLIST_KEY_UIApplicationSupportsIndirectInputEvents = YES;
				INFOPLIST_KEY_UILaunchScreen_Generation = YES;
				INFOPLIST_KEY_UISupportedInterfaceOrientations_iPad = "UIInterfaceOrientationPortrait UIInterfaceOrientationPortraitUpsideDown UIInterfaceOrientationLandscapeLeft UIInterfaceOrientationLandscapeRight";
				INFOPLIST_KEY_UISupportedInterfaceOrientations_iPhone = "UIInterfaceOrientationPortrait UIInterfaceOrientationLandscapeLeft UIInterfaceOrientationLandscapeRight";
				LD_RUNPATH_SEARCH_PATHS = (
					"$(inherited)",
					"@executable_path/Frameworks",
				);
				MARKETING_VERSION = 1.0;
				PRODUCT_BUNDLE_IDENTIFIER = "student.-01------";
				PRODUCT_NAME = "$(TARGET_NAME)";
				SWIFT_EMIT_LOC_STRINGS = YES;
				SWIFT_VERSION = 5.0;
				TARGETED_DEVICE_FAMILY = "1,2";
			};
			name = Debug;
		};
		F38D61772FC1EC6D00BC4C12 /* Release */ = {
			isa = XCBuildConfiguration;
			buildSettings = {
				ASSETCATALOG_COMPILER_APPICON_NAME = AppIcon;
				ASSETCATALOG_COMPILER_GLOBAL_ACCENT_COLOR_NAME = AccentColor;
				CODE_SIGN_ENTITLEMENTS = "601号阳台 游戏/_01______.entitlements";
				CODE_SIGN_STYLE = Automatic;
				CURRENT_PROJECT_VERSION = 1;
				DEVELOPMENT_ASSET_PATHS = "\"601号阳台 游戏/Preview Content\"";
				ENABLE_PREVIEWS = YES;
				GENERATE_INFOPLIST_FILE = YES;
				INFOPLIST_FILE = "601号阳台 游戏/Info.plist";
				INFOPLIST_KEY_UIApplicationSceneManifest_Generation = YES;
				INFOPLIST_KEY_UIApplicationSupportsIndirectInputEvents = YES;
				INFOPLIST_KEY_UILaunchScreen_Generation = YES;
				INFOPLIST_KEY_UISupportedInterfaceOrientations_iPad = "UIInterfaceOrientationPortrait UIInterfaceOrientationPortraitUpsideDown UIInterfaceOrientationLandscapeLeft UIInterfaceOrientationLandscapeRight";
				INFOPLIST_KEY_UISupportedInterfaceOrientations_iPhone = "UIInterfaceOrientationPortrait UIInterfaceOrientationLandscapeLeft UIInterfaceOrientationLandscapeRight";
				LD_RUNPATH_SEARCH_PATHS = (
					"$(inherited)",
					"@executable_path/Frameworks",
				);
				MARKETING_VERSION = 1.0;
				PRODUCT_BUNDLE_IDENTIFIER = "student.-01------";
				PRODUCT_NAME = "$(TARGET_NAME)";
				SWIFT_EMIT_LOC_STRINGS = YES;
				SWIFT_VERSION = 5.0;
				TARGETED_DEVICE_FAMILY = "1,2";
			};
			name = Release;
		};
		F38D61782FC1EC6D00BC4C12 /* Debug */ = {
			isa = XCBuildConfiguration;
			buildSettings = {
				ALWAYS_SEARCH_USER_PATHS = NO;
				ASSETCATALOG_COMPILER_GENERATE_SWIFT_ASSET_SYMBOL_EXTENSIONS = YES;
				CLANG_ANALYZER_NONNULL = YES;
				CLANG_ANALYZER_NUMBER_OBJECT_CONVERSION = YES_AGGRESSIVE;
				CLANG_CXX_LANGUAGE_STANDARD = "gnu++20";
				CLANG_ENABLE_MODULES = YES;
				CLANG_ENABLE_OBJC_ARC = YES;
				CLANG_ENABLE_OBJC_WEAK = YES;
				CLANG_WARN_BLOCK_CAPTURE_AUTORELEASING = YES;
				CLANG_WARN_BOOL_CONVERSION = YES;
				CLANG_WARN_COMMA = YES;
				CLANG_WARN_CONSTANT_CONVERSION = YES;
				CLANG_WARN_DEPRECATED_OBJC_IMPLEMENTATIONS = YES;
				CLANG_WARN_DIRECT_OBJC_ISA_USAGE = YES_ERROR;
				CLANG_WARN_DOCUMENTATION_COMMENTS = YES;
				CLANG_WARN_EMPTY_BODY = YES;
				CLANG_WARN_ENUM_CONVERSION = YES;
				CLANG_WARN_INFINITE_RECURSION = YES;
				CLANG_WARN_INT_CONVERSION = YES;
				CLANG_WARN_NON_LITERAL_NULL_CONVERSION = YES;
				CLANG_WARN_OBJC_IMPLICIT_RETAIN_SELF = YES;
				CLANG_WARN_OBJC_LITERAL_CONVERSION = YES;
				CLANG_WARN_OBJC_ROOT_CLASS = YES_ERROR;
				CLANG_WARN_QUOTED_INCLUDE_IN_FRAMEWORK_HEADER = YES;
				CLANG_WARN_RANGE_LOOP_ANALYSIS = YES;
				CLANG_WARN_STRICT_PROTOTYPES = YES;
				CLANG_WARN_SUSPICIOUS_MOVE = YES;
				CLANG_WARN_UNGUARDED_AVAILABILITY = YES_AGGRESSIVE;
				CLANG_WARN_UNREACHABLE_CODE = YES;
				CLANG_WARN__DUPLICATE_METHOD_MATCH = YES;
				COPY_PHASE_STRIP = NO;
				DEBUG_INFORMATION_FORMAT = dwarf;
				ENABLE_STRICT_OBJC_MSGSEND = YES;
				ENABLE_TESTABILITY = YES;
				ENABLE_USER_SCRIPT_SANDBOXING = YES;
				GCC_C_LANGUAGE_STANDARD = gnu17;
				GCC_DYNAMIC_NO_PIC = NO;
				GCC_NO_COMMON_BLOCKS = YES;
				GCC_OPTIMIZATION_LEVEL = 0;
				GCC_PREPROCESSOR_DEFINITIONS = (
					"DEBUG=1",
					"$(inherited)",
				);
				GCC_WARN_64_TO_32_BIT_CONVERSION = YES;
				GCC_WARN_ABOUT_RETURN_TYPE = YES_ERROR;
				GCC_WARN_UNDECLARED_SELECTOR = YES;
				GCC_WARN_UNINITIALIZED_AUTOS = YES_AGGRESSIVE;
				GCC_WARN_UNUSED_FUNCTION = YES;
				GCC_WARN_UNUSED_VARIABLE = YES;
				IPHONEOS_DEPLOYMENT_TARGET = 18.2;
				LOCALIZATION_PREFERS_STRING_CATALOGS = YES;
				MTL_ENABLE_DEBUG_INFO = INCLUDE_SOURCE;
				MTL_FAST_MATH = YES;
				ONLY_ACTIVE_ARCH = YES;
				SDKROOT = iphoneos;
				SWIFT_ACTIVE_COMPILATION_CONDITIONS = "DEBUG $(inherited)";
				SWIFT_OPTIMIZATION_LEVEL = "-Onone";
			};
			name = Debug;
		};
		F38D61792FC1EC6D00BC4C12 /* Release */ = {
			isa = XCBuildConfiguration;
			buildSettings = {
				ALWAYS_SEARCH_USER_PATHS = NO;
				ASSETCATALOG_COMPILER_GENERATE_SWIFT_ASSET_SYMBOL_EXTENSIONS = YES;
				CLANG_ANALYZER_NONNULL = YES;
				CLANG_ANALYZER_NUMBER_OBJECT_CONVERSION = YES_AGGRESSIVE;
				CLANG_CXX_LANGUAGE_STANDARD = "gnu++20";
				CLANG_ENABLE_MODULES = YES;
				CLANG_ENABLE_OBJC_ARC = YES;
				CLANG_ENABLE_OBJC_WEAK = YES;
				CLANG_WARN_BLOCK_CAPTURE_AUTORELEASING = YES;
				CLANG_WARN_BOOL_CONVERSION = YES;
				CLANG_WARN_COMMA = YES;
				CLANG_WARN_CONSTANT_CONVERSION = YES;
				CLANG_WARN_DEPRECATED_OBJC_IMPLEMENTATIONS = YES;
				CLANG_WARN_DIRECT_OBJC_ISA_USAGE = YES_ERROR;
				CLANG_WARN_DOCUMENTATION_COMMENTS = YES;
				CLANG_WARN_EMPTY_BODY = YES;
				CLANG_WARN_ENUM_CONVERSION = YES;
				CLANG_WARN_INFINITE_RECURSION = YES;
				CLANG_WARN_INT_CONVERSION = YES;
				CLANG_WARN_NON_LITERAL_NULL_CONVERSION = YES;
				CLANG_WARN_OBJC_IMPLICIT_RETAIN_SELF = YES;
				CLANG_WARN_OBJC_LITERAL_CONVERSION = YES;
				CLANG_WARN_OBJC_ROOT_CLASS = YES_ERROR;
				CLANG_WARN_QUOTED_INCLUDE_IN_FRAMEWORK_HEADER = YES;
				CLANG_WARN_RANGE_LOOP_ANALYSIS = YES;
				CLANG_WARN_STRICT_PROTOTYPES = YES;
				CLANG_WARN_SUSPICIOUS_MOVE = YES;
				CLANG_WARN_UNGUARDED_AVAILABILITY = YES_AGGRESSIVE;
				CLANG_WARN_UNREACHABLE_CODE = YES;
				CLANG_WARN__DUPLICATE_METHOD_MATCH = YES;
				COPY_PHASE_STRIP = NO;
				DEBUG_INFORMATION_FORMAT = "dwarf-with-dsym";
				ENABLE_NS_ASSERTIONS = NO;
				ENABLE_STRICT_OBJC_MSGSEND = YES;
				ENABLE_USER_SCRIPT_SANDBOXING = YES;
				GCC_C_LANGUAGE_STANDARD = gnu17;
				GCC_NO_COMMON_BLOCKS = YES;
				GCC_WARN_64_TO_32_BIT_CONVERSION = YES;
				GCC_WARN_ABOUT_RETURN_TYPE = YES_ERROR;
				GCC_WARN_UNDECLARED_SELECTOR = YES;
				GCC_WARN_UNINITIALIZED_AUTOS = YES_AGGRESSIVE;
				GCC_WARN_UNUSED_FUNCTION = YES;
				GCC_WARN_UNUSED_VARIABLE = YES;
				IPHONEOS_DEPLOYMENT_TARGET = 18.2;
				LOCALIZATION_PREFERS_STRING_CATALOGS = YES;
				MTL_ENABLE_DEBUG_INFO = NO;
				MTL_FAST_MATH = YES;
				SDKROOT = iphoneos;
				SWIFT_COMPILATION_MODE = wholemodule;
				VALIDATE_PRODUCT = YES;
			};
			name = Release;
		};
		F38D617B2FC1EC6D00BC4C12 /* Debug */ = {
			isa = XCBuildConfiguration;
			buildSettings = {
				BUNDLE_LOADER = "$(TEST_HOST)";
				CODE_SIGN_STYLE = Automatic;
				CURRENT_PROJECT_VERSION = 1;
				GENERATE_INFOPLIST_FILE = YES;
				IPHONEOS_DEPLOYMENT_TARGET = 18.2;
				MARKETING_VERSION = 1.0;
				PRODUCT_BUNDLE_IDENTIFIER = "student.-01------Tests";
				PRODUCT_NAME = "$(TARGET_NAME)";
				SWIFT_EMIT_LOC_STRINGS = NO;
				SWIFT_VERSION = 5.0;
				TARGETED_DEVICE_FAMILY = "1,2";
				TEST_HOST = "$(BUILT_PRODUCTS_DIR)/601号阳台 游戏.app/$(BUNDLE_EXECUTABLE_FOLDER_PATH)/601号阳台 游戏";
			};
			name = Debug;
		};
		F38D617C2FC1EC6D00BC4C12 /* Release */ = {
			isa = XCBuildConfiguration;
			buildSettings = {
				BUNDLE_LOADER = "$(TEST_HOST)";
				CODE_SIGN_STYLE = Automatic;
				CURRENT_PROJECT_VERSION = 1;
				GENERATE_INFOPLIST_FILE = YES;
				IPHONEOS_DEPLOYMENT_TARGET = 18.2;
				MARKETING_VERSION = 1.0;
				PRODUCT_BUNDLE_IDENTIFIER = "student.-01------Tests";
				PRODUCT_NAME = "$(TARGET_NAME)";
				SWIFT_EMIT_LOC_STRINGS = NO;
				SWIFT_VERSION = 5.0;
				TARGETED_DEVICE_FAMILY = "1,2";
				TEST_HOST = "$(BUILT_PRODUCTS_DIR)/601号阳台 游戏.app/$(BUNDLE_EXECUTABLE_FOLDER_PATH)/601号阳台 游戏";
			};
			name = Release;
		};
		F38D617E2FC1EC6D00BC4C12 /* Debug */ = {
			isa = XCBuildConfiguration;
			buildSettings = {
				CODE_SIGN_STYLE = Automatic;
				CURRENT_PROJECT_VERSION = 1;
				GENERATE_INFOPLIST_FILE = YES;
				MARKETING_VERSION = 1.0;
				PRODUCT_BUNDLE_IDENTIFIER = "student.-01------UITests";
				PRODUCT_NAME = "$(TARGET_NAME)";
				SWIFT_EMIT_LOC_STRINGS = NO;
				SWIFT_VERSION = 5.0;
				TARGETED_DEVICE_FAMILY = "1,2";
				TEST_TARGET_NAME = "601号阳台 游戏";
			};
			name = Debug;
		};
		F38D617F2FC1EC6D00BC4C12 /* Release */ = {
			isa = XCBuildConfiguration;
			buildSettings = {
				CODE_SIGN_STYLE = Automatic;
				CURRENT_PROJECT_VERSION = 1;
				GENERATE_INFOPLIST_FILE = YES;
				MARKETING_VERSION = 1.0;
				PRODUCT_BUNDLE_IDENTIFIER = "student.-01------UITests";
				PRODUCT_NAME = "$(TARGET_NAME)";
				SWIFT_EMIT_LOC_STRINGS = NO;
				SWIFT_VERSION = 5.0;
				TARGETED_DEVICE_FAMILY = "1,2";
				TEST_TARGET_NAME = "601号阳台 游戏";
			};
			name = Release;
		};
/* End XCBuildConfiguration section */

/* Begin XCConfigurationList section */
		F38D61462FC1EC6C00BC4C12 /* Build configuration list for PBXProject "601号阳台 游戏" */ = {
			isa = XCConfigurationList;
			buildConfigurations = (
				F38D61782FC1EC6D00BC4C12 /* Debug */,
				F38D61792FC1EC6D00BC4C12 /* Release */,
			);
			defaultConfigurationIsVisible = 0;
			defaultConfigurationName = Release;
		};
		F38D61752FC1EC6D00BC4C12 /* Build configuration list for PBXNativeTarget "601号阳台 游戏" */ = {
			isa = XCConfigurationList;
			buildConfigurations = (
				F38D61762FC1EC6D00BC4C12 /* Debug */,
				F38D61772FC1EC6D00BC4C12 /* Release */,
			);
			defaultConfigurationIsVisible = 0;
			defaultConfigurationName = Release;
		};
		F38D617A2FC1EC6D00BC4C12 /* Build configuration list for PBXNativeTarget "601号阳台 游戏Tests" */ = {
			isa = XCConfigurationList;
			buildConfigurations = (
				F38D617B2FC1EC6D00BC4C12 /* Debug */,
				F38D617C2FC1EC6D00BC4C12 /* Release */,
			);
			defaultConfigurationIsVisible = 0;
			defaultConfigurationName = Release;
		};
		F38D617D2FC1EC6D00BC4C12 /* Build configuration list for PBXNativeTarget "601号阳台 游戏UITests" */ = {
			isa = XCConfigurationList;
			buildConfigurations = (
				F38D617E2FC1EC6D00BC4C12 /* Debug */,
				F38D617F2FC1EC6D00BC4C12 /* Release */,
			);
			defaultConfigurationIsVisible = 0;
			defaultConfigurationName = Release;
		};
/* End XCConfigurationList section */
	};
	rootObject = F38D61432FC1EC6C00BC4C12 /* Project object */;
}
